
Microsoft Visual Studio Solution File, Format Version 12.00
# Visual Studio 15
VisualStudioVersion = 15.0.27703.2035
MinimumVisualStudioVersion = 10.0.40219.1
Project("{FAE04EC0-301F-11D3-BF4B-00C04F79EFBC}") = "Sheduler", "Sheduler\Sheduler.csproj", "{87D0CAC6-B29F-4AD4-8DC6-35021DF5497E}"
EndProject
Global
	GlobalSection(SolutionConfigurationPlatforms) = preSolution
		Debug|Any CPU = Debug|Any CPU
		Release|Any CPU = Release|Any CPU
	EndGlobalSection
	GlobalSection(ProjectConfigurationPlatforms) = postSolution
		{87D0CAC6-B29F-4AD4-8DC6-35021DF5497E}.Debug|Any CPU.ActiveCfg = Debug|Any CPU
		{87D0CAC6-B29F-4AD4-8DC6-35021DF5497E}.Debug|Any CPU.Build.0 = Debug|Any CPU
		{87D0CAC6-B29F-4AD4-8DC6-35021DF5497E}.Release|Any CPU.ActiveCfg = Release|Any CPU
		{87D0CAC6-B29F-4AD4-8DC6-35021DF5497E}.Release|Any CPU.Build.0 = Release|Any CPU
	EndGlobalSection
	GlobalSection(SolutionProperties) = preSolution
		HideSolutionNode = FALSE
	EndGlobalSection
	GlobalSection(ExtensibilityGlobals) = postSolution
		SolutionGuid = {62A0079A-2807-418B-8709-FFA9453CC635}
	EndGlobalSection
EndGlobal
