
Microsoft Visual Studio Solution File, Format Version 12.00
# Visual Studio 15
VisualStudioVersion = 15.0.27703.2035
MinimumVisualStudioVersion = 10.0.40219.1
Project("{9A19103F-16F7-4668-BE54-9A1E7A4F7556}") = "Sheduler.Core", "Sheduler\Sheduler.Core.csproj", "{87D0CAC6-B29F-4AD4-8DC6-35021DF5497E}"
EndProject
Project("{FAE04EC0-301F-11D3-BF4B-00C04F79EFBC}") = "ShedulerConsoleApp", "ShedulerConsoleApp\ShedulerConsoleApp.csproj", "{B46B4DF5-C07D-4521-93F7-17AE246DCD67}"
EndProject
Project("{FAE04EC0-301F-11D3-BF4B-00C04F79EFBC}") = "ShedulerWeb", "ShedulerWeb\ShedulerWeb.csproj", "{F3A6245F-1D42-4F4A-B719-93D428CDB7E4}"
EndProject
Project("{FAE04EC0-301F-11D3-BF4B-00C04F79EFBC}") = "Sheduler.Infrastructure", "Sheduler.Infrastructure\Sheduler.Infrastructure.csproj", "{AF8C4E0C-B351-49BA-B938-0C7514DB2FE8}"
EndProject
Global
	GlobalSection(SolutionConfigurationPlatforms) = preSolution
		Debug|Any CPU = Debug|Any CPU
		Release|Any CPU = Release|Any CPU
	EndGlobalSection
	GlobalSection(ProjectConfigurationPlatforms) = postSolution
		{87D0CAC6-B29F-4AD4-8DC6-35021DF5497E}.Debug|Any CPU.ActiveCfg = Debug|Any CPU
		{87D0CAC6-B29F-4AD4-8DC6-35021DF5497E}.Debug|Any CPU.Build.0 = Debug|Any CPU
		{87D0CAC6-B29F-4AD4-8DC6-35021DF5497E}.Release|Any CPU.ActiveCfg = Release|Any CPU
		{87D0CAC6-B29F-4AD4-8DC6-35021DF5497E}.Release|Any CPU.Build.0 = Release|Any CPU
		{B46B4DF5-C07D-4521-93F7-17AE246DCD67}.Debug|Any CPU.ActiveCfg = Debug|Any CPU
		{B46B4DF5-C07D-4521-93F7-17AE246DCD67}.Debug|Any CPU.Build.0 = Debug|Any CPU
		{B46B4DF5-C07D-4521-93F7-17AE246DCD67}.Release|Any CPU.ActiveCfg = Release|Any CPU
		{B46B4DF5-C07D-4521-93F7-17AE246DCD67}.Release|Any CPU.Build.0 = Release|Any CPU
		{F3A6245F-1D42-4F4A-B719-93D428CDB7E4}.Debug|Any CPU.ActiveCfg = Debug|Any CPU
		{F3A6245F-1D42-4F4A-B719-93D428CDB7E4}.Debug|Any CPU.Build.0 = Debug|Any CPU
		{F3A6245F-1D42-4F4A-B719-93D428CDB7E4}.Release|Any CPU.ActiveCfg = Release|Any CPU
		{F3A6245F-1D42-4F4A-B719-93D428CDB7E4}.Release|Any CPU.Build.0 = Release|Any CPU
		{AF8C4E0C-B351-49BA-B938-0C7514DB2FE8}.Debug|Any CPU.ActiveCfg = Debug|Any CPU
		{AF8C4E0C-B351-49BA-B938-0C7514DB2FE8}.Debug|Any CPU.Build.0 = Debug|Any CPU
		{AF8C4E0C-B351-49BA-B938-0C7514DB2FE8}.Release|Any CPU.ActiveCfg = Release|Any CPU
		{AF8C4E0C-B351-49BA-B938-0C7514DB2FE8}.Release|Any CPU.Build.0 = Release|Any CPU
	EndGlobalSection
	GlobalSection(SolutionProperties) = preSolution
		HideSolutionNode = FALSE
	EndGlobalSection
	GlobalSection(ExtensibilityGlobals) = postSolution
		SolutionGuid = {62A0079A-2807-418B-8709-FFA9453CC635}
	EndGlobalSection
EndGlobal
